
Microsoft Visual Studio Solution File, Format Version 12.00
# Visual Studio Version 17
VisualStudioVersion = 17.10.35027.167
MinimumVisualStudioVersion = 10.0.40219.1
Project("{FAE04EC0-301F-11D3-BF4B-00C04F79EFBC}") = "week5A", "week5A\week5A.csproj", "{10BEEF95-FD68-45C5-A570-498B02A7226D}"
EndProject
Global
	GlobalSection(SolutionConfigurationPlatforms) = preSolution
		Debug|Any CPU = Debug|Any CPU
		Release|Any CPU = Release|Any CPU
	EndGlobalSection
	GlobalSection(ProjectConfigurationPlatforms) = postSolution
		{10BEEF95-FD68-45C5-A570-498B02A7226D}.Debug|Any CPU.ActiveCfg = Debug|Any CPU
		{10BEEF95-FD68-45C5-A570-498B02A7226D}.Debug|Any CPU.Build.0 = Debug|Any CPU
		{10BEEF95-FD68-45C5-A570-498B02A7226D}.Release|Any CPU.ActiveCfg = Release|Any CPU
		{10BEEF95-FD68-45C5-A570-498B02A7226D}.Release|Any CPU.Build.0 = Release|Any CPU
	EndGlobalSection
	GlobalSection(SolutionProperties) = preSolution
		HideSolutionNode = FALSE
	EndGlobalSection
	GlobalSection(ExtensibilityGlobals) = postSolution
		SolutionGuid = {1E7345D8-D109-4C97-805D-34DF66AE7C42}
	EndGlobalSection
EndGlobal
